// !$*UTF8*$!
{
	archiveVersion = 1;
	classes = {
	};
	objectVersion = 46;
	objects = {

/* Begin PBXBuildFile section */
		2923C4B61DA9C06600A63594 /* AppDelegate.swift in Sources */ = {isa = PBXBuildFile; fileRef = 2923C4B51DA9C06600A63594 /* AppDelegate.swift */; };
		2923C4B81DA9C06600A63594 /* ViewController.swift in Sources */ = {isa = PBXBuildFile; fileRef = 2923C4B71DA9C06600A63594 /* ViewController.swift */; };
		2923C4BB1DA9C06700A63594 /* Main.storyboard in Resources */ = {isa = PBXBuildFile; fileRef = 2923C4B91DA9C06700A63594 /* Main.storyboard */; };
		2923C4BE1DA9C06700A63594 /* Resumania.xcdatamodeld in Sources */ = {isa = PBXBuildFile; fileRef = 2923C4BC1DA9C06700A63594 /* Resumania.xcdatamodeld */; };
		2923C4C01DA9C06700A63594 /* Assets.xcassets in Resources */ = {isa = PBXBuildFile; fileRef = 2923C4BF1DA9C06700A63594 /* Assets.xcassets */; };
		2923C4C31DA9C06700A63594 /* LaunchScreen.storyboard in Resources */ = {isa = PBXBuildFile; fileRef = 2923C4C11DA9C06700A63594 /* LaunchScreen.storyboard */; };
		69AA94A88EE5D385635D47DF /* Pods_Resumania.framework in Frameworks */ = {isa = PBXBuildFile; fileRef = BDADC5214B3FE69068F06E8A /* Pods_Resumania.framework */; };
/* End PBXBuildFile section */

/* Begin PBXFileReference section */
		0B68D542FD4D84C7037FB815 /* Pods-Resumania.debug.xcconfig */ = {isa = PBXFileReference; includeInIndex = 1; lastKnownFileType = text.xcconfig; name = "Pods-Resumania.debug.xcconfig"; path = "Pods/Target Support Files/Pods-Resumania/Pods-Resumania.debug.xcconfig"; sourceTree = "<group>"; };
		2923C4B21DA9C06600A63594 /* Resumania.app */ = {isa = PBXFileReference; explicitFileType = wrapper.application; includeInIndex = 0; path = Resumania.app; sourceTree = BUILT_PRODUCTS_DIR; };
		2923C4B51DA9C06600A63594 /* AppDelegate.swift */ = {isa = PBXFileReference; lastKnownFileType = sourcecode.swift; path = AppDelegate.swift; sourceTree = "<group>"; };
		2923C4B71DA9C06600A63594 /* ViewController.swift */ = {isa = PBXFileReference; lastKnownFileType = sourcecode.swift; path = ViewController.swift; sourceTree = "<group>"; };
		2923C4BA1DA9C06700A63594 /* Base */ = {isa = PBXFileReference; lastKnownFileType = file.storyboard; name = Base; path = Base.lproj/Main.storyboard; sourceTree = "<group>"; };
		2923C4BD1DA9C06700A63594 /* Resumania.xcdatamodel */ = {isa = PBXFileReference; lastKnownFileType = wrapper.xcdatamodel; path = Resumania.xcdatamodel; sourceTree = "<group>"; };
		2923C4BF1DA9C06700A63594 /* Assets.xcassets */ = {isa = PBXFileReference; lastKnownFileType = folder.assetcatalog; path = Assets.xcassets; sourceTree = "<group>"; };
		2923C4C21DA9C06700A63594 /* Base */ = {isa = PBXFileReference; lastKnownFileType = file.storyboard; name = Base; path = Base.lproj/LaunchScreen.storyboard; sourceTree = "<group>"; };
		2923C4C41DA9C06700A63594 /* Info.plist */ = {isa = PBXFileReference; lastKnownFileType = text.plist.xml; path = Info.plist; sourceTree = "<group>"; };
		BDADC5214B3FE69068F06E8A /* Pods_Resumania.framework */ = {isa = PBXFileReference; explicitFileType = wrapper.framework; includeInIndex = 0; path = Pods_Resumania.framework; sourceTree = BUILT_PRODUCTS_DIR; };
		FC28442D095310EBD3041D81 /* Pods-Resumania.release.xcconfig */ = {isa = PBXFileReference; includeInIndex = 1; lastKnownFileType = text.xcconfig; name = "Pods-Resumania.release.xcconfig"; path = "Pods/Target Support Files/Pods-Resumania/Pods-Resumania.release.xcconfig"; sourceTree = "<group>"; };
/* End PBXFileReference section */

/* Begin PBXFrameworksBuildPhase section */
		2923C4AF1DA9C06600A63594 /* Frameworks */ = {
			isa = PBXFrameworksBuildPhase;
			buildActionMask = 2147483647;
			files = (
				69AA94A88EE5D385635D47DF /* Pods_Resumania.framework in Frameworks */,
			);
			runOnlyForDeploymentPostprocessing = 0;
		};
/* End PBXFrameworksBuildPhase section */

/* Begin PBXGroup section */
		1845C2964651C7FBA04C3050 /* Pods */ = {
			isa = PBXGroup;
			children = (
				0B68D542FD4D84C7037FB815 /* Pods-Resumania.debug.xcconfig */,
				FC28442D095310EBD3041D81 /* Pods-Resumania.release.xcconfig */,
			);
			name = Pods;
			sourceTree = "<group>";
		};
		2923C4A91DA9C06600A63594 = {
			isa = PBXGroup;
			children = (
				2923C4B41DA9C06600A63594 /* Resumania */,
				2923C4B31DA9C06600A63594 /* Products */,
				1845C2964651C7FBA04C3050 /* Pods */,
				2CEBFD689E2CCB7FF7FDC240 /* Frameworks */,
			);
			sourceTree = "<group>";
		};
		2923C4B31DA9C06600A63594 /* Products */ = {
			isa = PBXGroup;
			children = (
				2923C4B21DA9C06600A63594 /* Resumania.app */,
			);
			name = Products;
			sourceTree = "<group>";
		};
		2923C4B41DA9C06600A63594 /* Resumania */ = {
			isa = PBXGroup;
			children = (
				2923C4B51DA9C06600A63594 /* AppDelegate.swift */,
				2923C4B71DA9C06600A63594 /* ViewController.swift */,
				2923C4B91DA9C06700A63594 /* Main.storyboard */,
				2923C4BF1DA9C06700A63594 /* Assets.xcassets */,
				2923C4C11DA9C06700A63594 /* LaunchScreen.storyboard */,
				2923C4C41DA9C06700A63594 /* Info.plist */,
				2923C4BC1DA9C06700A63594 /* Resumania.xcdatamodeld */,
			);
			path = Resumania;
			sourceTree = "<group>";
		};
		2CEBFD689E2CCB7FF7FDC240 /* Frameworks */ = {
			isa = PBXGroup;
			children = (
				BDADC5214B3FE69068F06E8A /* Pods_Resumania.framework */,
			);
			name = Frameworks;
			sourceTree = "<group>";
		};
/* End PBXGroup section */

/* Begin PBXNativeTarget section */
		2923C4B11DA9C06600A63594 /* Resumania */ = {
			isa = PBXNativeTarget;
			buildConfigurationList = 2923C4C71DA9C06700A63594 /* Build configuration list for PBXNativeTarget "Resumania" */;
			buildPhases = (
				FF98CC8FDDDE1C73437087A8 /* [CP] Check Pods Manifest.lock */,
				2923C4AE1DA9C06600A63594 /* Sources */,
				2923C4AF1DA9C06600A63594 /* Frameworks */,
				2923C4B01DA9C06600A63594 /* Resources */,
				AF981CA5D54F54C3C166D77D /* [CP] Embed Pods Frameworks */,
				94A70C6E1D5D4F5B268B1DA2 /* [CP] Copy Pods Resources */,
			);
			buildRules = (
			);
			dependencies = (
			);
			name = Resumania;
			productName = Resumania;
			productReference = 2923C4B21DA9C06600A63594 /* Resumania.app */;
			productType = "com.apple.product-type.application";
		};
/* End PBXNativeTarget section */

/* Begin PBXProject section */
		2923C4AA1DA9C06600A63594 /* Project object */ = {
			isa = PBXProject;
			attributes = {
				LastSwiftUpdateCheck = 0730;
				LastUpgradeCheck = 0730;
				ORGANIZATIONNAME = angel;
				TargetAttributes = {
					2923C4B11DA9C06600A63594 = {
						CreatedOnToolsVersion = 7.3;
						DevelopmentTeam = 8S52Q25SQF;
						LastSwiftMigration = 0800;
					};
				};
			};
			buildConfigurationList = 2923C4AD1DA9C06600A63594 /* Build configuration list for PBXProject "Resumania" */;
			compatibilityVersion = "Xcode 3.2";
			developmentRegion = English;
			hasScannedForEncodings = 0;
			knownRegions = (
				en,
				Base,
			);
			mainGroup = 2923C4A91DA9C06600A63594;
			productRefGroup = 2923C4B31DA9C06600A63594 /* Products */;
			projectDirPath = "";
			projectRoot = "";
			targets = (
				2923C4B11DA9C06600A63594 /* Resumania */,
			);
		};
/* End PBXProject section */

/* Begin PBXResourcesBuildPhase section */
		2923C4B01DA9C06600A63594 /* Resources */ = {
			isa = PBXResourcesBuildPhase;
			buildActionMask = 2147483647;
			files = (
				2923C4C31DA9C06700A63594 /* LaunchScreen.storyboard in Resources */,
				2923C4C01DA9C06700A63594 /* Assets.xcassets in Resources */,
				2923C4BB1DA9C06700A63594 /* Main.storyboard in Resources */,
			);
			runOnlyForDeploymentPostprocessing = 0;
		};
/* End PBXResourcesBuildPhase section */

/* Begin PBXShellScriptBuildPhase section */
		94A70C6E1D5D4F5B268B1DA2 /* [CP] Copy Pods Resources */ = {
			isa = PBXShellScriptBuildPhase;
			buildActionMask = 2147483647;
			files = (
			);
			inputPaths = (
			);
			name = "[CP] Copy Pods Resources";
			outputPaths = (
			);
			runOnlyForDeploymentPostprocessing = 0;
			shellPath = /bin/sh;
			shellScript = "\"${SRCROOT}/Pods/Target Support Files/Pods-Resumania/Pods-Resumania-resources.sh\"\n";
			showEnvVarsInLog = 0;
		};
		AF981CA5D54F54C3C166D77D /* [CP] Embed Pods Frameworks */ = {
			isa = PBXShellScriptBuildPhase;
			buildActionMask = 2147483647;
			files = (
			);
			inputPaths = (
			);
			name = "[CP] Embed Pods Frameworks";
			outputPaths = (
			);
			runOnlyForDeploymentPostprocessing = 0;
			shellPath = /bin/sh;
			shellScript = "\"${SRCROOT}/Pods/Target Support Files/Pods-Resumania/Pods-Resumania-frameworks.sh\"\n";
			showEnvVarsInLog = 0;
		};
		FF98CC8FDDDE1C73437087A8 /* [CP] Check Pods Manifest.lock */ = {
			isa = PBXShellScriptBuildPhase;
			buildActionMask = 2147483647;
			files = (
			);
			inputPaths = (
			);
			name = "[CP] Check Pods Manifest.lock";
			outputPaths = (
			);
			runOnlyForDeploymentPostprocessing = 0;
			shellPath = /bin/sh;
			shellScript = "diff \"${PODS_ROOT}/../Podfile.lock\" \"${PODS_ROOT}/Manifest.lock\" > /dev/null\nif [[ $? != 0 ]] ; then\n    cat << EOM\nerror: The sandbox is not in sync with the Podfile.lock. Run 'pod install' or update your CocoaPods installation.\nEOM\n    exit 1\nfi\n";
			showEnvVarsInLog = 0;
		};
/* End PBXShellScriptBuildPhase section */

/* Begin PBXSourcesBuildPhase section */
		2923C4AE1DA9C06600A63594 /* Sources */ = {
			isa = PBXSourcesBuildPhase;
			buildActionMask = 2147483647;
			files = (
				2923C4B81DA9C06600A63594 /* ViewController.swift in Sources */,
				2923C4BE1DA9C06700A63594 /* Resumania.xcdatamodeld in Sources */,
				2923C4B61DA9C06600A63594 /* AppDelegate.swift in Sources */,
			);
			runOnlyForDeploymentPostprocessing = 0;
		};
/* End PBXSourcesBuildPhase section */

/* Begin PBXVariantGroup section */
		2923C4B91DA9C06700A63594 /* Main.storyboard */ = {
			isa = PBXVariantGroup;
			children = (
				2923C4BA1DA9C06700A63594 /* Base */,
			);
			name = Main.storyboard;
			sourceTree = "<group>";
		};
		2923C4C11DA9C06700A63594 /* LaunchScreen.storyboard */ = {
			isa = PBXVariantGroup;
			children = (
				2923C4C21DA9C06700A63594 /* Base */,
			);
			name = LaunchScreen.storyboard;
			sourceTree = "<group>";
		};
/* End PBXVariantGroup section */

/* Begin XCBuildConfiguration section */
		2923C4C51DA9C06700A63594 /* Debug */ = {
			isa = XCBuildConfiguration;
			buildSettings = {
				ALWAYS_SEARCH_USER_PATHS = NO;
				CLANG_CXX_LANGUAGE_STANDARD = "gnu++0x";
				CLANG_CXX_LIBRARY = "libc++";
				CLANG_ENABLE_MODULES = YES;
				CLANG_ENABLE_OBJC_ARC = YES;
				CLANG_WARN_BOOL_CONVERSION = YES;
				CLANG_WARN_CONSTANT_CONVERSION = YES;
				CLANG_WARN_DIRECT_OBJC_ISA_USAGE = YES_ERROR;
				CLANG_WARN_EMPTY_BODY = YES;
				CLANG_WARN_ENUM_CONVERSION = YES;
				CLANG_WARN_INT_CONVERSION = YES;
				CLANG_WARN_OBJC_ROOT_CLASS = YES_ERROR;
				CLANG_WARN_UNREACHABLE_CODE = YES;
				CLANG_WARN__DUPLICATE_METHOD_MATCH = YES;
				"CODE_SIGN_IDENTITY[sdk=iphoneos*]" = "iPhone Developer";
				COPY_PHASE_STRIP = NO;
				DEBUG_INFORMATION_FORMAT = dwarf;
				ENABLE_STRICT_OBJC_MSGSEND = YES;
				ENABLE_TESTABILITY = YES;
				GCC_C_LANGUAGE_STANDARD = gnu99;
				GCC_DYNAMIC_NO_PIC = NO;
				GCC_NO_COMMON_BLOCKS = YES;
				GCC_OPTIMIZATION_LEVEL = 0;
				GCC_PREPROCESSOR_DEFINITIONS = (
					"DEBUG=1",
					"$(inherited)",
				);
				GCC_WARN_64_TO_32_BIT_CONVERSION = YES;
				GCC_WARN_ABOUT_RETURN_TYPE = YES_ERROR;
				GCC_WARN_UNDECLARED_SELECTOR = YES;
				GCC_WARN_UNINITIALIZED_AUTOS = YES_AGGRESSIVE;
				GCC_WARN_UNUSED_FUNCTION = YES;
				GCC_WARN_UNUSED_VARIABLE = YES;
				IPHONEOS_DEPLOYMENT_TARGET = 9.3;
				MTL_ENABLE_DEBUG_INFO = YES;
				ONLY_ACTIVE_ARCH = YES;
				SDKROOT = iphoneos;
				SWIFT_OPTIMIZATION_LEVEL = "-Onone";
			};
			name = Debug;
		};
		2923C4C61DA9C06700A63594 /* Release */ = {
			isa = XCBuildConfiguration;
			buildSettings = {
				ALWAYS_SEARCH_USER_PATHS = NO;
				CLANG_CXX_LANGUAGE_STANDARD = "gnu++0x";
				CLANG_CXX_LIBRARY = "libc++";
				CLANG_ENABLE_MODULES = YES;
				CLANG_ENABLE_OBJC_ARC = YES;
				CLANG_WARN_BOOL_CONVERSION = YES;
				CLANG_WARN_CONSTANT_CONVERSION = YES;
				CLANG_WARN_DIRECT_OBJC_ISA_USAGE = YES_ERROR;
				CLANG_WARN_EMPTY_BODY = YES;
				CLANG_WARN_ENUM_CONVERSION = YES;
				CLANG_WARN_INT_CONVERSION = YES;
				CLANG_WARN_OBJC_ROOT_CLASS = YES_ERROR;
				CLANG_WARN_UNREACHABLE_CODE = YES;
				CLANG_WARN__DUPLICATE_METHOD_MATCH = YES;
				"CODE_SIGN_IDENTITY[sdk=iphoneos*]" = "iPhone Developer";
				COPY_PHASE_STRIP = NO;
				DEBUG_INFORMATION_FORMAT = "dwarf-with-dsym";
				ENABLE_NS_ASSERTIONS = NO;
				ENABLE_STRICT_OBJC_MSGSEND = YES;
				GCC_C_LANGUAGE_STANDARD = gnu99;
				GCC_NO_COMMON_BLOCKS = YES;
				GCC_WARN_64_TO_32_BIT_CONVERSION = YES;
				GCC_WARN_ABOUT_RETURN_TYPE = YES_ERROR;
				GCC_WARN_UNDECLARED_SELECTOR = YES;
				GCC_WARN_UNINITIALIZED_AUTOS = YES_AGGRESSIVE;
				GCC_WARN_UNUSED_FUNCTION = YES;
				GCC_WARN_UNUSED_VARIABLE = YES;
				IPHONEOS_DEPLOYMENT_TARGET = 9.3;
				MTL_ENABLE_DEBUG_INFO = NO;
				SDKROOT = iphoneos;
				VALIDATE_PRODUCT = YES;
			};
			name = Release;
		};
		2923C4C81DA9C06700A63594 /* Debug */ = {
			isa = XCBuildConfiguration;
			baseConfigurationReference = 0B68D542FD4D84C7037FB815 /* Pods-Resumania.debug.xcconfig */;
			buildSettings = {
				ASSETCATALOG_COMPILER_APPICON_NAME = AppIcon;
				DEVELOPMENT_TEAM = 8S52Q25SQF;
				INFOPLIST_FILE = Resumania/Info.plist;
				LD_RUNPATH_SEARCH_PATHS = "$(inherited) @executable_path/Frameworks";
				PRODUCT_BUNDLE_IDENTIFIER = angel.Resumania;
				PRODUCT_NAME = "$(TARGET_NAME)";
				SWIFT_VERSION = 2.3;
			};
			name = Debug;
		};
		2923C4C91DA9C06700A63594 /* Release */ = {
			isa = XCBuildConfiguration;
			baseConfigurationReference = FC28442D095310EBD3041D81 /* Pods-Resumania.release.xcconfig */;
			buildSettings = {
				ASSETCATALOG_COMPILER_APPICON_NAME = AppIcon;
				DEVELOPMENT_TEAM = 8S52Q25SQF;
				INFOPLIST_FILE = Resumania/Info.plist;
				LD_RUNPATH_SEARCH_PATHS = "$(inherited) @executable_path/Frameworks";
				PRODUCT_BUNDLE_IDENTIFIER = angel.Resumania;
				PRODUCT_NAME = "$(TARGET_NAME)";
				SWIFT_VERSION = 2.3;
			};
			name = Release;
		};
/* End XCBuildConfiguration section */

/* Begin XCConfigurationList section */
		2923C4AD1DA9C06600A63594 /* Build configuration list for PBXProject "Resumania" */ = {
			isa = XCConfigurationList;
			buildConfigurations = (
				2923C4C51DA9C06700A63594 /* Debug */,
				2923C4C61DA9C06700A63594 /* Release */,
			);
			defaultConfigurationIsVisible = 0;
			defaultConfigurationName = Release;
		};
		2923C4C71DA9C06700A63594 /* Build configuration list for PBXNativeTarget "Resumania" */ = {
			isa = XCConfigurationList;
			buildConfigurations = (
				2923C4C81DA9C06700A63594 /* Debug */,
				2923C4C91DA9C06700A63594 /* Release */,
			);
			defaultConfigurationIsVisible = 0;
			defaultConfigurationName = Release;
		};
/* End XCConfigurationList section */

/* Begin XCVersionGroup section */
		2923C4BC1DA9C06700A63594 /* Resumania.xcdatamodeld */ = {
			isa = XCVersionGroup;
			children = (
				2923C4BD1DA9C06700A63594 /* Resumania.xcdatamodel */,
			);
			currentVersion = 2923C4BD1DA9C06700A63594 /* Resumania.xcdatamodel */;
			path = Resumania.xcdatamodeld;
			sourceTree = "<group>";
			versionGroupType = wrapper.xcdatamodel;
		};
/* End XCVersionGroup section */
	};
	rootObject = 2923C4AA1DA9C06600A63594 /* Project object */;
}
